
Microsoft Visual Studio Solution File, Format Version 12.00
# Visual Studio 15
VisualStudioVersion = 15.0.27428.2011
MinimumVisualStudioVersion = 10.0.40219.1
Project("{8BC9CEB8-8B4A-11D0-8D11-00A0C91BC942}") = "KeyboardAutoSwitcher", "KeyboardAutoSwitcher\KeyboardAutoSwitcher.vcxproj", "{7C4FC291-FCC2-403A-884D-0588CB8C47A8}"
EndProject
Global
	GlobalSection(SolutionConfigurationPlatforms) = preSolution
		Debug|x64 = Debug|x64
		Debug|x86 = Debug|x86
		Release|x64 = Release|x64
		Release|x86 = Release|x86
	EndGlobalSection
	GlobalSection(ProjectConfigurationPlatforms) = postSolution
		{7C4FC291-FCC2-403A-884D-0588CB8C47A8}.Debug|x64.ActiveCfg = Debug|x64
		{7C4FC291-FCC2-403A-884D-0588CB8C47A8}.Debug|x64.Build.0 = Debug|x64
		{7C4FC291-FCC2-403A-884D-0588CB8C47A8}.Debug|x86.ActiveCfg = Debug|Win32
		{7C4FC291-FCC2-403A-884D-0588CB8C47A8}.Debug|x86.Build.0 = Debug|Win32
		{7C4FC291-FCC2-403A-884D-0588CB8C47A8}.Release|x64.ActiveCfg = Release|x64
		{7C4FC291-FCC2-403A-884D-0588CB8C47A8}.Release|x64.Build.0 = Release|x64
		{7C4FC291-FCC2-403A-884D-0588CB8C47A8}.Release|x86.ActiveCfg = Release|Win32
		{7C4FC291-FCC2-403A-884D-0588CB8C47A8}.Release|x86.Build.0 = Release|Win32
	EndGlobalSection
	GlobalSection(SolutionProperties) = preSolution
		HideSolutionNode = FALSE
	EndGlobalSection
	GlobalSection(ExtensibilityGlobals) = postSolution
		SolutionGuid = {AB6B1DC2-BD07-4665-B8C3-B687391D5B96}
	EndGlobalSection
EndGlobal
